Microsoft Visual Studio Solution File, Format Version 11.00
# Visual Studio 2008

Project("{A9DFC665-A61A-24D8-9262-E53148925A24}") = "firstUnityProject", "Assembly-CSharp-firstpass.csproj", "{33D2C95A-1FFD-7968-CF00-6EB00F9E22F0}"
EndProject
Project("{A9DFC665-A61A-24D8-9262-E53148925A24}") = "firstUnityProject", "Assembly-CSharp.csproj", "{612C1062-233B-44EC-BCDE-4952B443F4AA}"
EndProject
Project("{A9DFC665-A61A-24D8-9262-E53148925A24}") = "firstUnityProject", "Assembly-CSharp-Editor-firstpass.csproj", "{C3A0ECA9-BFA5-21C3-32CE-EB7D1C52AC71}"
EndProject
Project("{A9DFC665-A61A-24D8-9262-E53148925A24}") = "firstUnityProject", "Assembly-UnityScript-firstpass.unityproj", "{37FFC3A8-E9FD-CB0C-4FA8-925E9F9B1189}"
EndProject
Project("{A9DFC665-A61A-24D8-9262-E53148925A24}") = "firstUnityProject", "Assembly-UnityScript.unityproj", "{8F504C70-775D-E602-0041-A7B652D1734E}"
EndProject
Project("{A9DFC665-A61A-24D8-9262-E53148925A24}") = "firstUnityProject", "Assembly-UnityScript-Editor-firstpass.unityproj", "{701783DD-DE90-7C86-58C6-39CEE1446FAE}"
EndProject
Global
	GlobalSection(SolutionConfigurationPlatforms) = preSolution
		Debug|Any CPU = Debug|Any CPU
		Release|Any CPU = Release|Any CPU
	EndGlobalSection
	GlobalSection(ProjectConfigurationPlatforms) = postSolution
		{33D2C95A-1FFD-7968-CF00-6EB00F9E22F0}.Debug|Any CPU.ActiveCfg = Debug|Any CPU
		{33D2C95A-1FFD-7968-CF00-6EB00F9E22F0}.Debug|Any CPU.Build.0 = Debug|Any CPU
		{33D2C95A-1FFD-7968-CF00-6EB00F9E22F0}.Release|Any CPU.ActiveCfg = Release|Any CPU
		{33D2C95A-1FFD-7968-CF00-6EB00F9E22F0}.Release|Any CPU.Build.0 = Release|Any CPU
		{612C1062-233B-44EC-BCDE-4952B443F4AA}.Debug|Any CPU.ActiveCfg = Debug|Any CPU
		{612C1062-233B-44EC-BCDE-4952B443F4AA}.Debug|Any CPU.Build.0 = Debug|Any CPU
		{612C1062-233B-44EC-BCDE-4952B443F4AA}.Release|Any CPU.ActiveCfg = Release|Any CPU
		{612C1062-233B-44EC-BCDE-4952B443F4AA}.Release|Any CPU.Build.0 = Release|Any CPU
		{C3A0ECA9-BFA5-21C3-32CE-EB7D1C52AC71}.Debug|Any CPU.ActiveCfg = Debug|Any CPU
		{C3A0ECA9-BFA5-21C3-32CE-EB7D1C52AC71}.Debug|Any CPU.Build.0 = Debug|Any CPU
		{C3A0ECA9-BFA5-21C3-32CE-EB7D1C52AC71}.Release|Any CPU.ActiveCfg = Release|Any CPU
		{C3A0ECA9-BFA5-21C3-32CE-EB7D1C52AC71}.Release|Any CPU.Build.0 = Release|Any CPU
		{37FFC3A8-E9FD-CB0C-4FA8-925E9F9B1189}.Debug|Any CPU.ActiveCfg = Debug|Any CPU
		{37FFC3A8-E9FD-CB0C-4FA8-925E9F9B1189}.Debug|Any CPU.Build.0 = Debug|Any CPU
		{37FFC3A8-E9FD-CB0C-4FA8-925E9F9B1189}.Release|Any CPU.ActiveCfg = Release|Any CPU
		{37FFC3A8-E9FD-CB0C-4FA8-925E9F9B1189}.Release|Any CPU.Build.0 = Release|Any CPU
		{8F504C70-775D-E602-0041-A7B652D1734E}.Debug|Any CPU.ActiveCfg = Debug|Any CPU
		{8F504C70-775D-E602-0041-A7B652D1734E}.Debug|Any CPU.Build.0 = Debug|Any CPU
		{8F504C70-775D-E602-0041-A7B652D1734E}.Release|Any CPU.ActiveCfg = Release|Any CPU
		{8F504C70-775D-E602-0041-A7B652D1734E}.Release|Any CPU.Build.0 = Release|Any CPU
		{701783DD-DE90-7C86-58C6-39CEE1446FAE}.Debug|Any CPU.ActiveCfg = Debug|Any CPU
		{701783DD-DE90-7C86-58C6-39CEE1446FAE}.Debug|Any CPU.Build.0 = Debug|Any CPU
		{701783DD-DE90-7C86-58C6-39CEE1446FAE}.Release|Any CPU.ActiveCfg = Release|Any CPU
		{701783DD-DE90-7C86-58C6-39CEE1446FAE}.Release|Any CPU.Build.0 = Release|Any CPU
	EndGlobalSection
	GlobalSection(SolutionProperties) = preSolution
		HideSolutionNode = FALSE
	EndGlobalSection
						GlobalSection(MonoDevelopProperties) = preSolution
		StartupItem = Assembly-CSharp.csproj
		Policies = $0
		$0.TextStylePolicy = $1
		$1.inheritsSet = null
		$1.scope = text/x-csharp
		$0.CSharpFormattingPolicy = $2
		$2.inheritsSet = Mono
		$2.inheritsScope = text/x-csharp
		$2.scope = text/x-csharp
		$0.TextStylePolicy = $3
		$3.FileWidth = 120
		$3.TabWidth = 4
		$3.EolMarker = Unix
		$3.inheritsSet = Mono
		$3.inheritsScope = text/plain
		$3.scope = text/plain
	EndGlobalSection

EndGlobal
